
Microsoft Visual Studio Solution File, Format Version 12.00
# Visual Studio Version 17
VisualStudioVersion = 17.10.35122.118
MinimumVisualStudioVersion = 10.0.40219.1
Project("{FAE04EC0-301F-11D3-BF4B-00C04F79EFBC}") = "AppFluxoDeCaixa", "AppFluxoDeCaixa\AppFluxoDeCaixa.csproj", "{A1576CAE-9D90-416F-8499-74D4BFCA1457}"
EndProject
Global
	GlobalSection(SolutionConfigurationPlatforms) = preSolution
		Debug|Any CPU = Debug|Any CPU
		Release|Any CPU = Release|Any CPU
	EndGlobalSection
	GlobalSection(ProjectConfigurationPlatforms) = postSolution
		{A1576CAE-9D90-416F-8499-74D4BFCA1457}.Debug|Any CPU.ActiveCfg = Debug|Any CPU
		{A1576CAE-9D90-416F-8499-74D4BFCA1457}.Debug|Any CPU.Build.0 = Debug|Any CPU
		{A1576CAE-9D90-416F-8499-74D4BFCA1457}.Release|Any CPU.ActiveCfg = Release|Any CPU
		{A1576CAE-9D90-416F-8499-74D4BFCA1457}.Release|Any CPU.Build.0 = Release|Any CPU
	EndGlobalSection
	GlobalSection(SolutionProperties) = preSolution
		HideSolutionNode = FALSE
	EndGlobalSection
	GlobalSection(ExtensibilityGlobals) = postSolution
		SolutionGuid = {B02D064B-E954-47F8-A073-84D394F28A37}
	EndGlobalSection
EndGlobal
